
Microsoft Visual Studio Solution File, Format Version 12.00
# Visual Studio Version 16
VisualStudioVersion = 16.0.31025.194
MinimumVisualStudioVersion = 10.0.40219.1
Project("{FAE04EC0-301F-11D3-BF4B-00C04F79EFBC}") = "WebApi", "WebApi\WebApi.csproj", "{B4B930AA-0FD5-4DB7-93D9-68B4BDC048FF}"
EndProject
Project("{FAE04EC0-301F-11D3-BF4B-00C04F79EFBC}") = "BusinessLogic", "BusinessLogic\BusinessLogic.csproj", "{745A19CD-E7A9-4D50-B765-08C05131D6E3}"
EndProject
Project("{FAE04EC0-301F-11D3-BF4B-00C04F79EFBC}") = "Core", "Core\Core.csproj", "{7C28DC64-600B-4C79-9965-1E0DF02913F1}"
EndProject
Global
	GlobalSection(SolutionConfigurationPlatforms) = preSolution
		Debug|Any CPU = Debug|Any CPU
		Release|Any CPU = Release|Any CPU
	EndGlobalSection
	GlobalSection(ProjectConfigurationPlatforms) = postSolution
		{B4B930AA-0FD5-4DB7-93D9-68B4BDC048FF}.Debug|Any CPU.ActiveCfg = Debug|Any CPU
		{B4B930AA-0FD5-4DB7-93D9-68B4BDC048FF}.Debug|Any CPU.Build.0 = Debug|Any CPU
		{B4B930AA-0FD5-4DB7-93D9-68B4BDC048FF}.Release|Any CPU.ActiveCfg = Release|Any CPU
		{B4B930AA-0FD5-4DB7-93D9-68B4BDC048FF}.Release|Any CPU.Build.0 = Release|Any CPU
		{745A19CD-E7A9-4D50-B765-08C05131D6E3}.Debug|Any CPU.ActiveCfg = Debug|Any CPU
		{745A19CD-E7A9-4D50-B765-08C05131D6E3}.Debug|Any CPU.Build.0 = Debug|Any CPU
		{745A19CD-E7A9-4D50-B765-08C05131D6E3}.Release|Any CPU.ActiveCfg = Release|Any CPU
		{745A19CD-E7A9-4D50-B765-08C05131D6E3}.Release|Any CPU.Build.0 = Release|Any CPU
		{7C28DC64-600B-4C79-9965-1E0DF02913F1}.Debug|Any CPU.ActiveCfg = Debug|Any CPU
		{7C28DC64-600B-4C79-9965-1E0DF02913F1}.Debug|Any CPU.Build.0 = Debug|Any CPU
		{7C28DC64-600B-4C79-9965-1E0DF02913F1}.Release|Any CPU.ActiveCfg = Release|Any CPU
		{7C28DC64-600B-4C79-9965-1E0DF02913F1}.Release|Any CPU.Build.0 = Release|Any CPU
	EndGlobalSection
	GlobalSection(SolutionProperties) = preSolution
		HideSolutionNode = FALSE
	EndGlobalSection
	GlobalSection(ExtensibilityGlobals) = postSolution
		SolutionGuid = {B552B86B-55E0-47AA-9C3A-877FA7B2C7A5}
	EndGlobalSection
EndGlobal
